// !$*UTF8*$!
{
	archiveVersion = 1;
	classes = {
	};
	objectVersion = 56;
	objects = {

/* Begin PBXBuildFile section */
		24EADB902A30D9A60018ED9D /* SignInView.swift in Sources */ = {isa = PBXBuildFile; fileRef = 24EADB8F2A30D9A60018ED9D /* SignInView.swift */; };
		24F7A7AE2A2CA2F20021F286 /* VibezApp.swift in Sources */ = {isa = PBXBuildFile; fileRef = 24F7A7AD2A2CA2F20021F286 /* VibezApp.swift */; };
		24F7A7B02A2CA2F20021F286 /* ContentView.swift in Sources */ = {isa = PBXBuildFile; fileRef = 24F7A7AF2A2CA2F20021F286 /* ContentView.swift */; };
		24F7A7B22A2CA2F40021F286 /* Assets.xcassets in Resources */ = {isa = PBXBuildFile; fileRef = 24F7A7B12A2CA2F40021F286 /* Assets.xcassets */; };
		24F7A7B52A2CA2F40021F286 /* Preview Assets.xcassets in Resources */ = {isa = PBXBuildFile; fileRef = 24F7A7B42A2CA2F40021F286 /* Preview Assets.xcassets */; };
		24F7A7C32A2CB7B60021F286 /* OnboardingPage.swift in Sources */ = {isa = PBXBuildFile; fileRef = 24F7A7C22A2CB7B60021F286 /* OnboardingPage.swift */; };
		24F7A7C52A2CB8100021F286 /* Strings.swift in Sources */ = {isa = PBXBuildFile; fileRef = 24F7A7C42A2CB8100021F286 /* Strings.swift */; };
		24F7A7CD2A2CCE640021F286 /* SF-Pro-Rounded-Semibold.otf in Resources */ = {isa = PBXBuildFile; fileRef = 24F7A7CC2A2CCE640021F286 /* SF-Pro-Rounded-Semibold.otf */; };
		24F7A7D02A2CCF290021F286 /* Sk-Modernist-Regular.otf in Resources */ = {isa = PBXBuildFile; fileRef = 24F7A7CE2A2CCF290021F286 /* Sk-Modernist-Regular.otf */; };
		24F7A7D12A2CCF290021F286 /* Sk-Modernist-Bold.otf in Resources */ = {isa = PBXBuildFile; fileRef = 24F7A7CF2A2CCF290021F286 /* Sk-Modernist-Bold.otf */; };
		24F7A7D72A2D05240021F286 /* OnboardingView.swift in Sources */ = {isa = PBXBuildFile; fileRef = 24F7A7D62A2D05240021F286 /* OnboardingView.swift */; };
/* End PBXBuildFile section */

/* Begin PBXFileReference section */
		24EADB8F2A30D9A60018ED9D /* SignInView.swift */ = {isa = PBXFileReference; lastKnownFileType = sourcecode.swift; path = SignInView.swift; sourceTree = "<group>"; };
		24F7A7AA2A2CA2F20021F286 /* Vibez.app */ = {isa = PBXFileReference; explicitFileType = wrapper.application; includeInIndex = 0; path = Vibez.app; sourceTree = BUILT_PRODUCTS_DIR; };
		24F7A7AD2A2CA2F20021F286 /* VibezApp.swift */ = {isa = PBXFileReference; lastKnownFileType = sourcecode.swift; path = VibezApp.swift; sourceTree = "<group>"; };
		24F7A7AF2A2CA2F20021F286 /* ContentView.swift */ = {isa = PBXFileReference; lastKnownFileType = sourcecode.swift; path = ContentView.swift; sourceTree = "<group>"; };
		24F7A7B12A2CA2F40021F286 /* Assets.xcassets */ = {isa = PBXFileReference; lastKnownFileType = folder.assetcatalog; path = Assets.xcassets; sourceTree = "<group>"; };
		24F7A7B42A2CA2F40021F286 /* Preview Assets.xcassets */ = {isa = PBXFileReference; lastKnownFileType = folder.assetcatalog; path = "Preview Assets.xcassets"; sourceTree = "<group>"; };
		24F7A7C22A2CB7B60021F286 /* OnboardingPage.swift */ = {isa = PBXFileReference; lastKnownFileType = sourcecode.swift; path = OnboardingPage.swift; sourceTree = "<group>"; };
		24F7A7C42A2CB8100021F286 /* Strings.swift */ = {isa = PBXFileReference; lastKnownFileType = sourcecode.swift; path = Strings.swift; sourceTree = "<group>"; };
		24F7A7C62A2CCD590021F286 /* Info.plist */ = {isa = PBXFileReference; lastKnownFileType = text.plist; path = Info.plist; sourceTree = "<group>"; };
		24F7A7CC2A2CCE640021F286 /* SF-Pro-Rounded-Semibold.otf */ = {isa = PBXFileReference; lastKnownFileType = file; path = "SF-Pro-Rounded-Semibold.otf"; sourceTree = "<group>"; };
		24F7A7CE2A2CCF290021F286 /* Sk-Modernist-Regular.otf */ = {isa = PBXFileReference; lastKnownFileType = file; path = "Sk-Modernist-Regular.otf"; sourceTree = "<group>"; };
		24F7A7CF2A2CCF290021F286 /* Sk-Modernist-Bold.otf */ = {isa = PBXFileReference; lastKnownFileType = file; path = "Sk-Modernist-Bold.otf"; sourceTree = "<group>"; };
		24F7A7D62A2D05240021F286 /* OnboardingView.swift */ = {isa = PBXFileReference; lastKnownFileType = sourcecode.swift; path = OnboardingView.swift; sourceTree = "<group>"; };
/* End PBXFileReference section */

/* Begin PBXFrameworksBuildPhase section */
		24F7A7A72A2CA2F20021F286 /* Frameworks */ = {
			isa = PBXFrameworksBuildPhase;
			buildActionMask = 2147483647;
			files = (
			);
			runOnlyForDeploymentPostprocessing = 0;
		};
/* End PBXFrameworksBuildPhase section */

/* Begin PBXGroup section */
		24EADB8D2A30D5B60018ED9D /* SignIn */ = {
			isa = PBXGroup;
			children = (
				24EADB8E2A30D9830018ED9D /* Components */,
				24EADB8F2A30D9A60018ED9D /* SignInView.swift */,
			);
			path = SignIn;
			sourceTree = "<group>";
		};
		24EADB8E2A30D9830018ED9D /* Components */ = {
			isa = PBXGroup;
			children = (
			);
			path = Components;
			sourceTree = "<group>";
		};
		24F7A7A12A2CA2F20021F286 = {
			isa = PBXGroup;
			children = (
				24F7A7AC2A2CA2F20021F286 /* Vibez */,
				24F7A7AB2A2CA2F20021F286 /* Products */,
			);
			sourceTree = "<group>";
		};
		24F7A7AB2A2CA2F20021F286 /* Products */ = {
			isa = PBXGroup;
			children = (
				24F7A7AA2A2CA2F20021F286 /* Vibez.app */,
			);
			name = Products;
			sourceTree = "<group>";
		};
		24F7A7AC2A2CA2F20021F286 /* Vibez */ = {
			isa = PBXGroup;
			children = (
				24F7A7C62A2CCD590021F286 /* Info.plist */,
				24F7A7BE2A2CA8300021F286 /* Core */,
				24F7A7BC2A2CA7F10021F286 /* Model */,
				24F7A7BB2A2CA7E30021F286 /* View */,
				24F7A7BD2A2CA7FC0021F286 /* ViewModel */,
				24F7A7AD2A2CA2F20021F286 /* VibezApp.swift */,
				24F7A7AF2A2CA2F20021F286 /* ContentView.swift */,
				24F7A7B12A2CA2F40021F286 /* Assets.xcassets */,
				24F7A7B32A2CA2F40021F286 /* Preview Content */,
			);
			path = Vibez;
			sourceTree = "<group>";
		};
		24F7A7B32A2CA2F40021F286 /* Preview Content */ = {
			isa = PBXGroup;
			children = (
				24F7A7B42A2CA2F40021F286 /* Preview Assets.xcassets */,
			);
			path = "Preview Content";
			sourceTree = "<group>";
		};
		24F7A7BB2A2CA7E30021F286 /* View */ = {
			isa = PBXGroup;
			children = (
				24F7A7BF2A2CABAA0021F286 /* UX */,
				24F7A7C02A2CABB60021F286 /* Resources */,
			);
			path = View;
			sourceTree = "<group>";
		};
		24F7A7BC2A2CA7F10021F286 /* Model */ = {
			isa = PBXGroup;
			children = (
			);
			path = Model;
			sourceTree = "<group>";
		};
		24F7A7BD2A2CA7FC0021F286 /* ViewModel */ = {
			isa = PBXGroup;
			children = (
			);
			path = ViewModel;
			sourceTree = "<group>";
		};
		24F7A7BE2A2CA8300021F286 /* Core */ = {
			isa = PBXGroup;
			children = (
			);
			path = Core;
			sourceTree = "<group>";
		};
		24F7A7BF2A2CABAA0021F286 /* UX */ = {
			isa = PBXGroup;
			children = (
				24EADB8D2A30D5B60018ED9D /* SignIn */,
				24F7A7D42A2D04AA0021F286 /* Onboarding */,
			);
			path = UX;
			sourceTree = "<group>";
		};
		24F7A7C02A2CABB60021F286 /* Resources */ = {
			isa = PBXGroup;
			children = (
				24F7A7C72A2CCE080021F286 /* Assets */,
				24F7A7C12A2CB7700021F286 /* Utilities */,
			);
			path = Resources;
			sourceTree = "<group>";
		};
		24F7A7C12A2CB7700021F286 /* Utilities */ = {
			isa = PBXGroup;
			children = (
				24F7A7C42A2CB8100021F286 /* Strings.swift */,
			);
			path = Utilities;
			sourceTree = "<group>";
		};
		24F7A7C72A2CCE080021F286 /* Assets */ = {
			isa = PBXGroup;
			children = (
				24F7A7CF2A2CCF290021F286 /* Sk-Modernist-Bold.otf */,
				24F7A7CE2A2CCF290021F286 /* Sk-Modernist-Regular.otf */,
				24F7A7CC2A2CCE640021F286 /* SF-Pro-Rounded-Semibold.otf */,
			);
			path = Assets;
			sourceTree = "<group>";
		};
		24F7A7D42A2D04AA0021F286 /* Onboarding */ = {
			isa = PBXGroup;
			children = (
				24F7A7D52A2D04C70021F286 /* Components */,
				24F7A7C22A2CB7B60021F286 /* OnboardingPage.swift */,
			);
			path = Onboarding;
			sourceTree = "<group>";
		};
		24F7A7D52A2D04C70021F286 /* Components */ = {
			isa = PBXGroup;
			children = (
				24F7A7D62A2D05240021F286 /* OnboardingView.swift */,
			);
			path = Components;
			sourceTree = "<group>";
		};
/* End PBXGroup section */

/* Begin PBXNativeTarget section */
		24F7A7A92A2CA2F20021F286 /* Vibez */ = {
			isa = PBXNativeTarget;
			buildConfigurationList = 24F7A7B82A2CA2F40021F286 /* Build configuration list for PBXNativeTarget "Vibez" */;
			buildPhases = (
				24F7A7A62A2CA2F20021F286 /* Sources */,
				24F7A7A72A2CA2F20021F286 /* Frameworks */,
				24F7A7A82A2CA2F20021F286 /* Resources */,
			);
			buildRules = (
			);
			dependencies = (
			);
			name = Vibez;
			productName = Vibez;
			productReference = 24F7A7AA2A2CA2F20021F286 /* Vibez.app */;
			productType = "com.apple.product-type.application";
		};
/* End PBXNativeTarget section */

/* Begin PBXProject section */
		24F7A7A22A2CA2F20021F286 /* Project object */ = {
			isa = PBXProject;
			attributes = {
				BuildIndependentTargetsInParallel = 1;
				LastSwiftUpdateCheck = 1430;
				LastUpgradeCheck = 1430;
				TargetAttributes = {
					24F7A7A92A2CA2F20021F286 = {
						CreatedOnToolsVersion = 14.3;
					};
				};
			};
			buildConfigurationList = 24F7A7A52A2CA2F20021F286 /* Build configuration list for PBXProject "Vibez" */;
			compatibilityVersion = "Xcode 14.0";
			developmentRegion = en;
			hasScannedForEncodings = 0;
			knownRegions = (
				en,
				Base,
			);
			mainGroup = 24F7A7A12A2CA2F20021F286;
			productRefGroup = 24F7A7AB2A2CA2F20021F286 /* Products */;
			projectDirPath = "";
			projectRoot = "";
			targets = (
				24F7A7A92A2CA2F20021F286 /* Vibez */,
			);
		};
/* End PBXProject section */

/* Begin PBXResourcesBuildPhase section */
		24F7A7A82A2CA2F20021F286 /* Resources */ = {
			isa = PBXResourcesBuildPhase;
			buildActionMask = 2147483647;
			files = (
				24F7A7D02A2CCF290021F286 /* Sk-Modernist-Regular.otf in Resources */,
				24F7A7B52A2CA2F40021F286 /* Preview Assets.xcassets in Resources */,
				24F7A7B22A2CA2F40021F286 /* Assets.xcassets in Resources */,
				24F7A7D12A2CCF290021F286 /* Sk-Modernist-Bold.otf in Resources */,
				24F7A7CD2A2CCE640021F286 /* SF-Pro-Rounded-Semibold.otf in Resources */,
			);
			runOnlyForDeploymentPostprocessing = 0;
		};
/* End PBXResourcesBuildPhase section */

/* Begin PBXSourcesBuildPhase section */
		24F7A7A62A2CA2F20021F286 /* Sources */ = {
			isa = PBXSourcesBuildPhase;
			buildActionMask = 2147483647;
			files = (
				24EADB902A30D9A60018ED9D /* SignInView.swift in Sources */,
				24F7A7B02A2CA2F20021F286 /* ContentView.swift in Sources */,
				24F7A7AE2A2CA2F20021F286 /* VibezApp.swift in Sources */,
				24F7A7C52A2CB8100021F286 /* Strings.swift in Sources */,
				24F7A7D72A2D05240021F286 /* OnboardingView.swift in Sources */,
				24F7A7C32A2CB7B60021F286 /* OnboardingPage.swift in Sources */,
			);
			runOnlyForDeploymentPostprocessing = 0;
		};
/* End PBXSourcesBuildPhase section */

/* Begin XCBuildConfiguration section */
		24F7A7B62A2CA2F40021F286 /* Debug */ = {
			isa = XCBuildConfiguration;
			buildSettings = {
				ALWAYS_SEARCH_USER_PATHS = NO;
				CLANG_ANALYZER_NONNULL = YES;
				CLANG_ANALYZER_NUMBER_OBJECT_CONVERSION = YES_AGGRESSIVE;
				CLANG_CXX_LANGUAGE_STANDARD = "gnu++20";
				CLANG_ENABLE_MODULES = YES;
				CLANG_ENABLE_OBJC_ARC = YES;
				CLANG_ENABLE_OBJC_WEAK = YES;
				CLANG_WARN_BLOCK_CAPTURE_AUTORELEASING = YES;
				CLANG_WARN_BOOL_CONVERSION = YES;
				CLANG_WARN_COMMA = YES;
				CLANG_WARN_CONSTANT_CONVERSION = YES;
				CLANG_WARN_DEPRECATED_OBJC_IMPLEMENTATIONS = YES;
				CLANG_WARN_DIRECT_OBJC_ISA_USAGE = YES_ERROR;
				CLANG_WARN_DOCUMENTATION_COMMENTS = YES;
				CLANG_WARN_EMPTY_BODY = YES;
				CLANG_WARN_ENUM_CONVERSION = YES;
				CLANG_WARN_INFINITE_RECURSION = YES;
				CLANG_WARN_INT_CONVERSION = YES;
				CLANG_WARN_NON_LITERAL_NULL_CONVERSION = YES;
				CLANG_WARN_OBJC_IMPLICIT_RETAIN_SELF = YES;
				CLANG_WARN_OBJC_LITERAL_CONVERSION = YES;
				CLANG_WARN_OBJC_ROOT_CLASS = YES_ERROR;
				CLANG_WARN_QUOTED_INCLUDE_IN_FRAMEWORK_HEADER = YES;
				CLANG_WARN_RANGE_LOOP_ANALYSIS = YES;
				CLANG_WARN_STRICT_PROTOTYPES = YES;
				CLANG_WARN_SUSPICIOUS_MOVE = YES;
				CLANG_WARN_UNGUARDED_AVAILABILITY = YES_AGGRESSIVE;
				CLANG_WARN_UNREACHABLE_CODE = YES;
				CLANG_WARN__DUPLICATE_METHOD_MATCH = YES;
				COPY_PHASE_STRIP = NO;
				DEBUG_INFORMATION_FORMAT = dwarf;
				ENABLE_STRICT_OBJC_MSGSEND = YES;
				ENABLE_TESTABILITY = YES;
				GCC_C_LANGUAGE_STANDARD = gnu11;
				GCC_DYNAMIC_NO_PIC = NO;
				GCC_NO_COMMON_BLOCKS = YES;
				GCC_OPTIMIZATION_LEVEL = 0;
				GCC_PREPROCESSOR_DEFINITIONS = (
					"DEBUG=1",
					"$(inherited)",
				);
				GCC_WARN_64_TO_32_BIT_CONVERSION = YES;
				GCC_WARN_ABOUT_RETURN_TYPE = YES_ERROR;
				GCC_WARN_UNDECLARED_SELECTOR = YES;
				GCC_WARN_UNINITIALIZED_AUTOS = YES_AGGRESSIVE;
				GCC_WARN_UNUSED_FUNCTION = YES;
				GCC_WARN_UNUSED_VARIABLE = YES;
				IPHONEOS_DEPLOYMENT_TARGET = 16.4;
				MTL_ENABLE_DEBUG_INFO = INCLUDE_SOURCE;
				MTL_FAST_MATH = YES;
				ONLY_ACTIVE_ARCH = YES;
				SDKROOT = iphoneos;
				SWIFT_ACTIVE_COMPILATION_CONDITIONS = DEBUG;
				SWIFT_OPTIMIZATION_LEVEL = "-Onone";
			};
			name = Debug;
		};
		24F7A7B72A2CA2F40021F286 /* Release */ = {
			isa = XCBuildConfiguration;
			buildSettings = {
				ALWAYS_SEARCH_USER_PATHS = NO;
				CLANG_ANALYZER_NONNULL = YES;
				CLANG_ANALYZER_NUMBER_OBJECT_CONVERSION = YES_AGGRESSIVE;
				CLANG_CXX_LANGUAGE_STANDARD = "gnu++20";
				CLANG_ENABLE_MODULES = YES;
				CLANG_ENABLE_OBJC_ARC = YES;
				CLANG_ENABLE_OBJC_WEAK = YES;
				CLANG_WARN_BLOCK_CAPTURE_AUTORELEASING = YES;
				CLANG_WARN_BOOL_CONVERSION = YES;
				CLANG_WARN_COMMA = YES;
				CLANG_WARN_CONSTANT_CONVERSION = YES;
				CLANG_WARN_DEPRECATED_OBJC_IMPLEMENTATIONS = YES;
				CLANG_WARN_DIRECT_OBJC_ISA_USAGE = YES_ERROR;
				CLANG_WARN_DOCUMENTATION_COMMENTS = YES;
				CLANG_WARN_EMPTY_BODY = YES;
				CLANG_WARN_ENUM_CONVERSION = YES;
				CLANG_WARN_INFINITE_RECURSION = YES;
				CLANG_WARN_INT_CONVERSION = YES;
				CLANG_WARN_NON_LITERAL_NULL_CONVERSION = YES;
				CLANG_WARN_OBJC_IMPLICIT_RETAIN_SELF = YES;
				CLANG_WARN_OBJC_LITERAL_CONVERSION = YES;
				CLANG_WARN_OBJC_ROOT_CLASS = YES_ERROR;
				CLANG_WARN_QUOTED_INCLUDE_IN_FRAMEWORK_HEADER = YES;
				CLANG_WARN_RANGE_LOOP_ANALYSIS = YES;
				CLANG_WARN_STRICT_PROTOTYPES = YES;
				CLANG_WARN_SUSPICIOUS_MOVE = YES;
				CLANG_WARN_UNGUARDED_AVAILABILITY = YES_AGGRESSIVE;
				CLANG_WARN_UNREACHABLE_CODE = YES;
				CLANG_WARN__DUPLICATE_METHOD_MATCH = YES;
				COPY_PHASE_STRIP = NO;
				DEBUG_INFORMATION_FORMAT = "dwarf-with-dsym";
				ENABLE_NS_ASSERTIONS = NO;
				ENABLE_STRICT_OBJC_MSGSEND = YES;
				GCC_C_LANGUAGE_STANDARD = gnu11;
				GCC_NO_COMMON_BLOCKS = YES;
				GCC_WARN_64_TO_32_BIT_CONVERSION = YES;
				GCC_WARN_ABOUT_RETURN_TYPE = YES_ERROR;
				GCC_WARN_UNDECLARED_SELECTOR = YES;
				GCC_WARN_UNINITIALIZED_AUTOS = YES_AGGRESSIVE;
				GCC_WARN_UNUSED_FUNCTION = YES;
				GCC_WARN_UNUSED_VARIABLE = YES;
				IPHONEOS_DEPLOYMENT_TARGET = 16.4;
				MTL_ENABLE_DEBUG_INFO = NO;
				MTL_FAST_MATH = YES;
				SDKROOT = iphoneos;
				SWIFT_COMPILATION_MODE = wholemodule;
				SWIFT_OPTIMIZATION_LEVEL = "-O";
				VALIDATE_PRODUCT = YES;
			};
			name = Release;
		};
		24F7A7B92A2CA2F40021F286 /* Debug */ = {
			isa = XCBuildConfiguration;
			buildSettings = {
				ASSETCATALOG_COMPILER_APPICON_NAME = AppIcon;
				ASSETCATALOG_COMPILER_GLOBAL_ACCENT_COLOR_NAME = AccentColor;
				CODE_SIGN_STYLE = Automatic;
				CURRENT_PROJECT_VERSION = 1;
				DEVELOPMENT_ASSET_PATHS = "\"Vibez/Preview Content\"";
				DEVELOPMENT_TEAM = XUKV54T3M7;
				ENABLE_PREVIEWS = YES;
				GENERATE_INFOPLIST_FILE = YES;
				INFOPLIST_FILE = Vibez/Info.plist;
				INFOPLIST_KEY_UIApplicationSceneManifest_Generation = YES;
				INFOPLIST_KEY_UIApplicationSupportsIndirectInputEvents = YES;
				INFOPLIST_KEY_UILaunchScreen_Generation = YES;
				INFOPLIST_KEY_UISupportedInterfaceOrientations_iPad = "UIInterfaceOrientationPortrait UIInterfaceOrientationPortraitUpsideDown UIInterfaceOrientationLandscapeLeft UIInterfaceOrientationLandscapeRight";
				INFOPLIST_KEY_UISupportedInterfaceOrientations_iPhone = "UIInterfaceOrientationPortrait UIInterfaceOrientationLandscapeLeft UIInterfaceOrientationLandscapeRight";
				IPHONEOS_DEPLOYMENT_TARGET = 14.0;
				LD_RUNPATH_SEARCH_PATHS = (
					"$(inherited)",
					"@executable_path/Frameworks",
				);
				MARKETING_VERSION = 1.0;
				PRODUCT_BUNDLE_IDENTIFIER = com.sidneyokine.Vibez;
				PRODUCT_NAME = "$(TARGET_NAME)";
				SWIFT_EMIT_LOC_STRINGS = YES;
				SWIFT_VERSION = 5.0;
				TARGETED_DEVICE_FAMILY = "1,2";
			};
			name = Debug;
		};
		24F7A7BA2A2CA2F40021F286 /* Release */ = {
			isa = XCBuildConfiguration;
			buildSettings = {
				ASSETCATALOG_COMPILER_APPICON_NAME = AppIcon;
				ASSETCATALOG_COMPILER_GLOBAL_ACCENT_COLOR_NAME = AccentColor;
				CODE_SIGN_STYLE = Automatic;
				CURRENT_PROJECT_VERSION = 1;
				DEVELOPMENT_ASSET_PATHS = "\"Vibez/Preview Content\"";
				DEVELOPMENT_TEAM = XUKV54T3M7;
				ENABLE_PREVIEWS = YES;
				GENERATE_INFOPLIST_FILE = YES;
				INFOPLIST_FILE = Vibez/Info.plist;
				INFOPLIST_KEY_UIApplicationSceneManifest_Generation = YES;
				INFOPLIST_KEY_UIApplicationSupportsIndirectInputEvents = YES;
				INFOPLIST_KEY_UILaunchScreen_Generation = YES;
				INFOPLIST_KEY_UISupportedInterfaceOrientations_iPad = "UIInterfaceOrientationPortrait UIInterfaceOrientationPortraitUpsideDown UIInterfaceOrientationLandscapeLeft UIInterfaceOrientationLandscapeRight";
				INFOPLIST_KEY_UISupportedInterfaceOrientations_iPhone = "UIInterfaceOrientationPortrait UIInterfaceOrientationLandscapeLeft UIInterfaceOrientationLandscapeRight";
				IPHONEOS_DEPLOYMENT_TARGET = 14.0;
				LD_RUNPATH_SEARCH_PATHS = (
					"$(inherited)",
					"@executable_path/Frameworks",
				);
				MARKETING_VERSION = 1.0;
				PRODUCT_BUNDLE_IDENTIFIER = com.sidneyokine.Vibez;
				PRODUCT_NAME = "$(TARGET_NAME)";
				SWIFT_EMIT_LOC_STRINGS = YES;
				SWIFT_VERSION = 5.0;
				TARGETED_DEVICE_FAMILY = "1,2";
			};
			name = Release;
		};
/* End XCBuildConfiguration section */

/* Begin XCConfigurationList section */
		24F7A7A52A2CA2F20021F286 /* Build configuration list for PBXProject "Vibez" */ = {
			isa = XCConfigurationList;
			buildConfigurations = (
				24F7A7B62A2CA2F40021F286 /* Debug */,
				24F7A7B72A2CA2F40021F286 /* Release */,
			);
			defaultConfigurationIsVisible = 0;
			defaultConfigurationName = Release;
		};
		24F7A7B82A2CA2F40021F286 /* Build configuration list for PBXNativeTarget "Vibez" */ = {
			isa = XCConfigurationList;
			buildConfigurations = (
				24F7A7B92A2CA2F40021F286 /* Debug */,
				24F7A7BA2A2CA2F40021F286 /* Release */,
			);
			defaultConfigurationIsVisible = 0;
			defaultConfigurationName = Release;
		};
/* End XCConfigurationList section */
	};
	rootObject = 24F7A7A22A2CA2F20021F286 /* Project object */;
}
